
Microsoft Visual Studio Solution File, Format Version 12.00
# Visual Studio Version 17
VisualStudioVersion = 17.4.33213.308
MinimumVisualStudioVersion = 10.0.40219.1
Project("{FAE04EC0-301F-11D3-BF4B-00C04F79EFBC}") = "AESManaged", "AESManaged\AESManaged.csproj", "{45A02BAF-C9DE-4391-B1CE-FAC37E17124C}"
EndProject
Global
	GlobalSection(SolutionConfigurationPlatforms) = preSolution
		Debug|Any CPU = Debug|Any CPU
		Release|Any CPU = Release|Any CPU
	EndGlobalSection
	GlobalSection(ProjectConfigurationPlatforms) = postSolution
		{45A02BAF-C9DE-4391-B1CE-FAC37E17124C}.Debug|Any CPU.ActiveCfg = Debug|Any CPU
		{45A02BAF-C9DE-4391-B1CE-FAC37E17124C}.Debug|Any CPU.Build.0 = Debug|Any CPU
		{45A02BAF-C9DE-4391-B1CE-FAC37E17124C}.Release|Any CPU.ActiveCfg = Release|Any CPU
		{45A02BAF-C9DE-4391-B1CE-FAC37E17124C}.Release|Any CPU.Build.0 = Release|Any CPU
	EndGlobalSection
	GlobalSection(SolutionProperties) = preSolution
		HideSolutionNode = FALSE
	EndGlobalSection
	GlobalSection(ExtensibilityGlobals) = postSolution
		SolutionGuid = {D6ABB863-8C7B-4C25-8D19-D0928C741E3C}
	EndGlobalSection
EndGlobal
